// !$*UTF8*$!
{
	archiveVersion = 1;
	classes = {
	};
	objectVersion = 46;
	objects = {

/* Begin PBXBuildFile section */
		110EA9B418F4B80900AB6AED /* Foundation.framework in Frameworks */ = {isa = PBXBuildFile; fileRef = 110EA9B318F4B80900AB6AED /* Foundation.framework */; };
		110EA9B618F4B80900AB6AED /* CoreGraphics.framework in Frameworks */ = {isa = PBXBuildFile; fileRef = 110EA9B518F4B80900AB6AED /* CoreGraphics.framework */; };
		110EA9B818F4B80900AB6AED /* UIKit.framework in Frameworks */ = {isa = PBXBuildFile; fileRef = 110EA9B718F4B80900AB6AED /* UIKit.framework */; };
		110EA9BE18F4B80900AB6AED /* InfoPlist.strings in Resources */ = {isa = PBXBuildFile; fileRef = 110EA9BC18F4B80900AB6AED /* InfoPlist.strings */; };
		110EA9C018F4B80900AB6AED /* main.m in Sources */ = {isa = PBXBuildFile; fileRef = 110EA9BF18F4B80900AB6AED /* main.m */; };
		110EA9C418F4B80900AB6AED /* TNKAppDelegate.m in Sources */ = {isa = PBXBuildFile; fileRef = 110EA9C318F4B80900AB6AED /* TNKAppDelegate.m */; };
		110EA9C718F4B80900AB6AED /* Main.storyboard in Resources */ = {isa = PBXBuildFile; fileRef = 110EA9C518F4B80900AB6AED /* Main.storyboard */; };
		110EA9CA18F4B80900AB6AED /* TNKMasterViewController.m in Sources */ = {isa = PBXBuildFile; fileRef = 110EA9C918F4B80900AB6AED /* TNKMasterViewController.m */; };
		110EA9CF18F4B80900AB6AED /* Images.xcassets in Resources */ = {isa = PBXBuildFile; fileRef = 110EA9CE18F4B80900AB6AED /* Images.xcassets */; };
		110EA9D618F4B80A00AB6AED /* XCTest.framework in Frameworks */ = {isa = PBXBuildFile; fileRef = 110EA9D518F4B80A00AB6AED /* XCTest.framework */; };
		110EA9D718F4B80A00AB6AED /* Foundation.framework in Frameworks */ = {isa = PBXBuildFile; fileRef = 110EA9B318F4B80900AB6AED /* Foundation.framework */; };
		110EA9D818F4B80A00AB6AED /* UIKit.framework in Frameworks */ = {isa = PBXBuildFile; fileRef = 110EA9B718F4B80900AB6AED /* UIKit.framework */; };
		110EA9E018F4B80A00AB6AED /* InfoPlist.strings in Resources */ = {isa = PBXBuildFile; fileRef = 110EA9DE18F4B80A00AB6AED /* InfoPlist.strings */; };
		110EA9E218F4B80A00AB6AED /* RefreshTintFailTests.m in Sources */ = {isa = PBXBuildFile; fileRef = 110EA9E118F4B80A00AB6AED /* RefreshTintFailTests.m */; };
/* End PBXBuildFile section */

/* Begin PBXContainerItemProxy section */
		110EA9D918F4B80A00AB6AED /* PBXContainerItemProxy */ = {
			isa = PBXContainerItemProxy;
			containerPortal = 110EA9A818F4B80900AB6AED /* Project object */;
			proxyType = 1;
			remoteGlobalIDString = 110EA9AF18F4B80900AB6AED;
			remoteInfo = RefreshTintFail;
		};
/* End PBXContainerItemProxy section */

/* Begin PBXFileReference section */
		110EA9B018F4B80900AB6AED /* RefreshTintFail.app */ = {isa = PBXFileReference; explicitFileType = wrapper.application; includeInIndex = 0; path = RefreshTintFail.app; sourceTree = BUILT_PRODUCTS_DIR; };
		110EA9B318F4B80900AB6AED /* Foundation.framework */ = {isa = PBXFileReference; lastKnownFileType = wrapper.framework; name = Foundation.framework; path = System/Library/Frameworks/Foundation.framework; sourceTree = SDKROOT; };
		110EA9B518F4B80900AB6AED /* CoreGraphics.framework */ = {isa = PBXFileReference; lastKnownFileType = wrapper.framework; name = CoreGraphics.framework; path = System/Library/Frameworks/CoreGraphics.framework; sourceTree = SDKROOT; };
		110EA9B718F4B80900AB6AED /* UIKit.framework */ = {isa = PBXFileReference; lastKnownFileType = wrapper.framework; name = UIKit.framework; path = System/Library/Frameworks/UIKit.framework; sourceTree = SDKROOT; };
		110EA9BB18F4B80900AB6AED /* RefreshTintFail-Info.plist */ = {isa = PBXFileReference; lastKnownFileType = text.plist.xml; path = "RefreshTintFail-Info.plist"; sourceTree = "<group>"; };
		110EA9BD18F4B80900AB6AED /* en */ = {isa = PBXFileReference; lastKnownFileType = text.plist.strings; name = en; path = en.lproj/InfoPlist.strings; sourceTree = "<group>"; };
		110EA9BF18F4B80900AB6AED /* main.m */ = {isa = PBXFileReference; lastKnownFileType = sourcecode.c.objc; path = main.m; sourceTree = "<group>"; };
		110EA9C118F4B80900AB6AED /* RefreshTintFail-Prefix.pch */ = {isa = PBXFileReference; lastKnownFileType = sourcecode.c.h; path = "RefreshTintFail-Prefix.pch"; sourceTree = "<group>"; };
		110EA9C218F4B80900AB6AED /* TNKAppDelegate.h */ = {isa = PBXFileReference; lastKnownFileType = sourcecode.c.h; path = TNKAppDelegate.h; sourceTree = "<group>"; };
		110EA9C318F4B80900AB6AED /* TNKAppDelegate.m */ = {isa = PBXFileReference; lastKnownFileType = sourcecode.c.objc; path = TNKAppDelegate.m; sourceTree = "<group>"; };
		110EA9C618F4B80900AB6AED /* Base */ = {isa = PBXFileReference; lastKnownFileType = file.storyboard; name = Base; path = Base.lproj/Main.storyboard; sourceTree = "<group>"; };
		110EA9C818F4B80900AB6AED /* TNKMasterViewController.h */ = {isa = PBXFileReference; lastKnownFileType = sourcecode.c.h; path = TNKMasterViewController.h; sourceTree = "<group>"; };
		110EA9C918F4B80900AB6AED /* TNKMasterViewController.m */ = {isa = PBXFileReference; lastKnownFileType = sourcecode.c.objc; path = TNKMasterViewController.m; sourceTree = "<group>"; };
		110EA9CE18F4B80900AB6AED /* Images.xcassets */ = {isa = PBXFileReference; lastKnownFileType = folder.assetcatalog; path = Images.xcassets; sourceTree = "<group>"; };
		110EA9D418F4B80A00AB6AED /* RefreshTintFailTests.xctest */ = {isa = PBXFileReference; explicitFileType = wrapper.cfbundle; includeInIndex = 0; path = RefreshTintFailTests.xctest; sourceTree = BUILT_PRODUCTS_DIR; };
		110EA9D518F4B80A00AB6AED /* XCTest.framework */ = {isa = PBXFileReference; lastKnownFileType = wrapper.framework; name = XCTest.framework; path = Library/Frameworks/XCTest.framework; sourceTree = DEVELOPER_DIR; };
		110EA9DD18F4B80A00AB6AED /* RefreshTintFailTests-Info.plist */ = {isa = PBXFileReference; lastKnownFileType = text.plist.xml; path = "RefreshTintFailTests-Info.plist"; sourceTree = "<group>"; };
		110EA9DF18F4B80A00AB6AED /* en */ = {isa = PBXFileReference; lastKnownFileType = text.plist.strings; name = en; path = en.lproj/InfoPlist.strings; sourceTree = "<group>"; };
		110EA9E118F4B80A00AB6AED /* RefreshTintFailTests.m */ = {isa = PBXFileReference; lastKnownFileType = sourcecode.c.objc; path = RefreshTintFailTests.m; sourceTree = "<group>"; };
/* End PBXFileReference section */

/* Begin PBXFrameworksBuildPhase section */
		110EA9AD18F4B80900AB6AED /* Frameworks */ = {
			isa = PBXFrameworksBuildPhase;
			buildActionMask = 2147483647;
			files = (
				110EA9B618F4B80900AB6AED /* CoreGraphics.framework in Frameworks */,
				110EA9B818F4B80900AB6AED /* UIKit.framework in Frameworks */,
				110EA9B418F4B80900AB6AED /* Foundation.framework in Frameworks */,
			);
			runOnlyForDeploymentPostprocessing = 0;
		};
		110EA9D118F4B80A00AB6AED /* Frameworks */ = {
			isa = PBXFrameworksBuildPhase;
			buildActionMask = 2147483647;
			files = (
				110EA9D618F4B80A00AB6AED /* XCTest.framework in Frameworks */,
				110EA9D818F4B80A00AB6AED /* UIKit.framework in Frameworks */,
				110EA9D718F4B80A00AB6AED /* Foundation.framework in Frameworks */,
			);
			runOnlyForDeploymentPostprocessing = 0;
		};
/* End PBXFrameworksBuildPhase section */

/* Begin PBXGroup section */
		110EA9A718F4B80900AB6AED = {
			isa = PBXGroup;
			children = (
				110EA9B918F4B80900AB6AED /* RefreshTintFail */,
				110EA9DB18F4B80A00AB6AED /* RefreshTintFailTests */,
				110EA9B218F4B80900AB6AED /* Frameworks */,
				110EA9B118F4B80900AB6AED /* Products */,
			);
			sourceTree = "<group>";
		};
		110EA9B118F4B80900AB6AED /* Products */ = {
			isa = PBXGroup;
			children = (
				110EA9B018F4B80900AB6AED /* RefreshTintFail.app */,
				110EA9D418F4B80A00AB6AED /* RefreshTintFailTests.xctest */,
			);
			name = Products;
			sourceTree = "<group>";
		};
		110EA9B218F4B80900AB6AED /* Frameworks */ = {
			isa = PBXGroup;
			children = (
				110EA9B318F4B80900AB6AED /* Foundation.framework */,
				110EA9B518F4B80900AB6AED /* CoreGraphics.framework */,
				110EA9B718F4B80900AB6AED /* UIKit.framework */,
				110EA9D518F4B80A00AB6AED /* XCTest.framework */,
			);
			name = Frameworks;
			sourceTree = "<group>";
		};
		110EA9B918F4B80900AB6AED /* RefreshTintFail */ = {
			isa = PBXGroup;
			children = (
				110EA9C218F4B80900AB6AED /* TNKAppDelegate.h */,
				110EA9C318F4B80900AB6AED /* TNKAppDelegate.m */,
				110EA9C518F4B80900AB6AED /* Main.storyboard */,
				110EA9C818F4B80900AB6AED /* TNKMasterViewController.h */,
				110EA9C918F4B80900AB6AED /* TNKMasterViewController.m */,
				110EA9CE18F4B80900AB6AED /* Images.xcassets */,
				110EA9BA18F4B80900AB6AED /* Supporting Files */,
			);
			path = RefreshTintFail;
			sourceTree = "<group>";
		};
		110EA9BA18F4B80900AB6AED /* Supporting Files */ = {
			isa = PBXGroup;
			children = (
				110EA9BB18F4B80900AB6AED /* RefreshTintFail-Info.plist */,
				110EA9BC18F4B80900AB6AED /* InfoPlist.strings */,
				110EA9BF18F4B80900AB6AED /* main.m */,
				110EA9C118F4B80900AB6AED /* RefreshTintFail-Prefix.pch */,
			);
			name = "Supporting Files";
			sourceTree = "<group>";
		};
		110EA9DB18F4B80A00AB6AED /* RefreshTintFailTests */ = {
			isa = PBXGroup;
			children = (
				110EA9E118F4B80A00AB6AED /* RefreshTintFailTests.m */,
				110EA9DC18F4B80A00AB6AED /* Supporting Files */,
			);
			path = RefreshTintFailTests;
			sourceTree = "<group>";
		};
		110EA9DC18F4B80A00AB6AED /* Supporting Files */ = {
			isa = PBXGroup;
			children = (
				110EA9DD18F4B80A00AB6AED /* RefreshTintFailTests-Info.plist */,
				110EA9DE18F4B80A00AB6AED /* InfoPlist.strings */,
			);
			name = "Supporting Files";
			sourceTree = "<group>";
		};
/* End PBXGroup section */

/* Begin PBXNativeTarget section */
		110EA9AF18F4B80900AB6AED /* RefreshTintFail */ = {
			isa = PBXNativeTarget;
			buildConfigurationList = 110EA9E518F4B80A00AB6AED /* Build configuration list for PBXNativeTarget "RefreshTintFail" */;
			buildPhases = (
				110EA9AC18F4B80900AB6AED /* Sources */,
				110EA9AD18F4B80900AB6AED /* Frameworks */,
				110EA9AE18F4B80900AB6AED /* Resources */,
			);
			buildRules = (
			);
			dependencies = (
			);
			name = RefreshTintFail;
			productName = RefreshTintFail;
			productReference = 110EA9B018F4B80900AB6AED /* RefreshTintFail.app */;
			productType = "com.apple.product-type.application";
		};
		110EA9D318F4B80A00AB6AED /* RefreshTintFailTests */ = {
			isa = PBXNativeTarget;
			buildConfigurationList = 110EA9E818F4B80A00AB6AED /* Build configuration list for PBXNativeTarget "RefreshTintFailTests" */;
			buildPhases = (
				110EA9D018F4B80A00AB6AED /* Sources */,
				110EA9D118F4B80A00AB6AED /* Frameworks */,
				110EA9D218F4B80A00AB6AED /* Resources */,
			);
			buildRules = (
			);
			dependencies = (
				110EA9DA18F4B80A00AB6AED /* PBXTargetDependency */,
			);
			name = RefreshTintFailTests;
			productName = RefreshTintFailTests;
			productReference = 110EA9D418F4B80A00AB6AED /* RefreshTintFailTests.xctest */;
			productType = "com.apple.product-type.bundle.unit-test";
		};
/* End PBXNativeTarget section */

/* Begin PBXProject section */
		110EA9A818F4B80900AB6AED /* Project object */ = {
			isa = PBXProject;
			attributes = {
				CLASSPREFIX = TNK;
				LastUpgradeCheck = 0510;
				ORGANIZATIONNAME = ThinkUltimate;
				TargetAttributes = {
					110EA9D318F4B80A00AB6AED = {
						TestTargetID = 110EA9AF18F4B80900AB6AED;
					};
				};
			};
			buildConfigurationList = 110EA9AB18F4B80900AB6AED /* Build configuration list for PBXProject "RefreshTintFail" */;
			compatibilityVersion = "Xcode 3.2";
			developmentRegion = English;
			hasScannedForEncodings = 0;
			knownRegions = (
				en,
				Base,
			);
			mainGroup = 110EA9A718F4B80900AB6AED;
			productRefGroup = 110EA9B118F4B80900AB6AED /* Products */;
			projectDirPath = "";
			projectRoot = "";
			targets = (
				110EA9AF18F4B80900AB6AED /* RefreshTintFail */,
				110EA9D318F4B80A00AB6AED /* RefreshTintFailTests */,
			);
		};
/* End PBXProject section */

/* Begin PBXResourcesBuildPhase section */
		110EA9AE18F4B80900AB6AED /* Resources */ = {
			isa = PBXResourcesBuildPhase;
			buildActionMask = 2147483647;
			files = (
				110EA9CF18F4B80900AB6AED /* Images.xcassets in Resources */,
				110EA9BE18F4B80900AB6AED /* InfoPlist.strings in Resources */,
				110EA9C718F4B80900AB6AED /* Main.storyboard in Resources */,
			);
			runOnlyForDeploymentPostprocessing = 0;
		};
		110EA9D218F4B80A00AB6AED /* Resources */ = {
			isa = PBXResourcesBuildPhase;
			buildActionMask = 2147483647;
			files = (
				110EA9E018F4B80A00AB6AED /* InfoPlist.strings in Resources */,
			);
			runOnlyForDeploymentPostprocessing = 0;
		};
/* End PBXResourcesBuildPhase section */

/* Begin PBXSourcesBuildPhase section */
		110EA9AC18F4B80900AB6AED /* Sources */ = {
			isa = PBXSourcesBuildPhase;
			buildActionMask = 2147483647;
			files = (
				110EA9CA18F4B80900AB6AED /* TNKMasterViewController.m in Sources */,
				110EA9C418F4B80900AB6AED /* TNKAppDelegate.m in Sources */,
				110EA9C018F4B80900AB6AED /* main.m in Sources */,
			);
			runOnlyForDeploymentPostprocessing = 0;
		};
		110EA9D018F4B80A00AB6AED /* Sources */ = {
			isa = PBXSourcesBuildPhase;
			buildActionMask = 2147483647;
			files = (
				110EA9E218F4B80A00AB6AED /* RefreshTintFailTests.m in Sources */,
			);
			runOnlyForDeploymentPostprocessing = 0;
		};
/* End PBXSourcesBuildPhase section */

/* Begin PBXTargetDependency section */
		110EA9DA18F4B80A00AB6AED /* PBXTargetDependency */ = {
			isa = PBXTargetDependency;
			target = 110EA9AF18F4B80900AB6AED /* RefreshTintFail */;
			targetProxy = 110EA9D918F4B80A00AB6AED /* PBXContainerItemProxy */;
		};
/* End PBXTargetDependency section */

/* Begin PBXVariantGroup section */
		110EA9BC18F4B80900AB6AED /* InfoPlist.strings */ = {
			isa = PBXVariantGroup;
			children = (
				110EA9BD18F4B80900AB6AED /* en */,
			);
			name = InfoPlist.strings;
			sourceTree = "<group>";
		};
		110EA9C518F4B80900AB6AED /* Main.storyboard */ = {
			isa = PBXVariantGroup;
			children = (
				110EA9C618F4B80900AB6AED /* Base */,
			);
			name = Main.storyboard;
			sourceTree = "<group>";
		};
		110EA9DE18F4B80A00AB6AED /* InfoPlist.strings */ = {
			isa = PBXVariantGroup;
			children = (
				110EA9DF18F4B80A00AB6AED /* en */,
			);
			name = InfoPlist.strings;
			sourceTree = "<group>";
		};
/* End PBXVariantGroup section */

/* Begin XCBuildConfiguration section */
		110EA9E318F4B80A00AB6AED /* Debug */ = {
			isa = XCBuildConfiguration;
			buildSettings = {
				ALWAYS_SEARCH_USER_PATHS = NO;
				CLANG_CXX_LANGUAGE_STANDARD = "gnu++0x";
				CLANG_CXX_LIBRARY = "libc++";
				CLANG_ENABLE_MODULES = YES;
				CLANG_ENABLE_OBJC_ARC = YES;
				CLANG_WARN_BOOL_CONVERSION = YES;
				CLANG_WARN_CONSTANT_CONVERSION = YES;
				CLANG_WARN_DIRECT_OBJC_ISA_USAGE = YES_ERROR;
				CLANG_WARN_EMPTY_BODY = YES;
				CLANG_WARN_ENUM_CONVERSION = YES;
				CLANG_WARN_INT_CONVERSION = YES;
				CLANG_WARN_OBJC_ROOT_CLASS = YES_ERROR;
				CLANG_WARN__DUPLICATE_METHOD_MATCH = YES;
				"CODE_SIGN_IDENTITY[sdk=iphoneos*]" = "iPhone Developer";
				COPY_PHASE_STRIP = NO;
				GCC_C_LANGUAGE_STANDARD = gnu99;
				GCC_DYNAMIC_NO_PIC = NO;
				GCC_OPTIMIZATION_LEVEL = 0;
				GCC_PREPROCESSOR_DEFINITIONS = (
					"DEBUG=1",
					"$(inherited)",
				);
				GCC_SYMBOLS_PRIVATE_EXTERN = NO;
				GCC_WARN_64_TO_32_BIT_CONVERSION = YES;
				GCC_WARN_ABOUT_RETURN_TYPE = YES_ERROR;
				GCC_WARN_UNDECLARED_SELECTOR = YES;
				GCC_WARN_UNINITIALIZED_AUTOS = YES_AGGRESSIVE;
				GCC_WARN_UNUSED_FUNCTION = YES;
				GCC_WARN_UNUSED_VARIABLE = YES;
				IPHONEOS_DEPLOYMENT_TARGET = 7.1;
				ONLY_ACTIVE_ARCH = YES;
				SDKROOT = iphoneos;
			};
			name = Debug;
		};
		110EA9E418F4B80A00AB6AED /* Release */ = {
			isa = XCBuildConfiguration;
			buildSettings = {
				ALWAYS_SEARCH_USER_PATHS = NO;
				CLANG_CXX_LANGUAGE_STANDARD = "gnu++0x";
				CLANG_CXX_LIBRARY = "libc++";
				CLANG_ENABLE_MODULES = YES;
				CLANG_ENABLE_OBJC_ARC = YES;
				CLANG_WARN_BOOL_CONVERSION = YES;
				CLANG_WARN_CONSTANT_CONVERSION = YES;
				CLANG_WARN_DIRECT_OBJC_ISA_USAGE = YES_ERROR;
				CLANG_WARN_EMPTY_BODY = YES;
				CLANG_WARN_ENUM_CONVERSION = YES;
				CLANG_WARN_INT_CONVERSION = YES;
				CLANG_WARN_OBJC_ROOT_CLASS = YES_ERROR;
				CLANG_WARN__DUPLICATE_METHOD_MATCH = YES;
				"CODE_SIGN_IDENTITY[sdk=iphoneos*]" = "iPhone Developer";
				COPY_PHASE_STRIP = YES;
				ENABLE_NS_ASSERTIONS = NO;
				GCC_C_LANGUAGE_STANDARD = gnu99;
				GCC_WARN_64_TO_32_BIT_CONVERSION = YES;
				GCC_WARN_ABOUT_RETURN_TYPE = YES_ERROR;
				GCC_WARN_UNDECLARED_SELECTOR = YES;
				GCC_WARN_UNINITIALIZED_AUTOS = YES_AGGRESSIVE;
				GCC_WARN_UNUSED_FUNCTION = YES;
				GCC_WARN_UNUSED_VARIABLE = YES;
				IPHONEOS_DEPLOYMENT_TARGET = 7.1;
				SDKROOT = iphoneos;
				VALIDATE_PRODUCT = YES;
			};
			name = Release;
		};
		110EA9E618F4B80A00AB6AED /* Debug */ = {
			isa = XCBuildConfiguration;
			buildSettings = {
				ASSETCATALOG_COMPILER_APPICON_NAME = AppIcon;
				ASSETCATALOG_COMPILER_LAUNCHIMAGE_NAME = LaunchImage;
				GCC_PRECOMPILE_PREFIX_HEADER = YES;
				GCC_PREFIX_HEADER = "RefreshTintFail/RefreshTintFail-Prefix.pch";
				INFOPLIST_FILE = "RefreshTintFail/RefreshTintFail-Info.plist";
				PRODUCT_NAME = "$(TARGET_NAME)";
				WRAPPER_EXTENSION = app;
			};
			name = Debug;
		};
		110EA9E718F4B80A00AB6AED /* Release */ = {
			isa = XCBuildConfiguration;
			buildSettings = {
				ASSETCATALOG_COMPILER_APPICON_NAME = AppIcon;
				ASSETCATALOG_COMPILER_LAUNCHIMAGE_NAME = LaunchImage;
				GCC_PRECOMPILE_PREFIX_HEADER = YES;
				GCC_PREFIX_HEADER = "RefreshTintFail/RefreshTintFail-Prefix.pch";
				INFOPLIST_FILE = "RefreshTintFail/RefreshTintFail-Info.plist";
				PRODUCT_NAME = "$(TARGET_NAME)";
				WRAPPER_EXTENSION = app;
			};
			name = Release;
		};
		110EA9E918F4B80A00AB6AED /* Debug */ = {
			isa = XCBuildConfiguration;
			buildSettings = {
				BUNDLE_LOADER = "$(BUILT_PRODUCTS_DIR)/RefreshTintFail.app/RefreshTintFail";
				FRAMEWORK_SEARCH_PATHS = (
					"$(SDKROOT)/Developer/Library/Frameworks",
					"$(inherited)",
					"$(DEVELOPER_FRAMEWORKS_DIR)",
				);
				GCC_PRECOMPILE_PREFIX_HEADER = YES;
				GCC_PREFIX_HEADER = "RefreshTintFail/RefreshTintFail-Prefix.pch";
				GCC_PREPROCESSOR_DEFINITIONS = (
					"DEBUG=1",
					"$(inherited)",
				);
				INFOPLIST_FILE = "RefreshTintFailTests/RefreshTintFailTests-Info.plist";
				PRODUCT_NAME = "$(TARGET_NAME)";
				TEST_HOST = "$(BUNDLE_LOADER)";
				WRAPPER_EXTENSION = xctest;
			};
			name = Debug;
		};
		110EA9EA18F4B80A00AB6AED /* Release */ = {
			isa = XCBuildConfiguration;
			buildSettings = {
				BUNDLE_LOADER = "$(BUILT_PRODUCTS_DIR)/RefreshTintFail.app/RefreshTintFail";
				FRAMEWORK_SEARCH_PATHS = (
					"$(SDKROOT)/Developer/Library/Frameworks",
					"$(inherited)",
					"$(DEVELOPER_FRAMEWORKS_DIR)",
				);
				GCC_PRECOMPILE_PREFIX_HEADER = YES;
				GCC_PREFIX_HEADER = "RefreshTintFail/RefreshTintFail-Prefix.pch";
				INFOPLIST_FILE = "RefreshTintFailTests/RefreshTintFailTests-Info.plist";
				PRODUCT_NAME = "$(TARGET_NAME)";
				TEST_HOST = "$(BUNDLE_LOADER)";
				WRAPPER_EXTENSION = xctest;
			};
			name = Release;
		};
/* End XCBuildConfiguration section */

/* Begin XCConfigurationList section */
		110EA9AB18F4B80900AB6AED /* Build configuration list for PBXProject "RefreshTintFail" */ = {
			isa = XCConfigurationList;
			buildConfigurations = (
				110EA9E318F4B80A00AB6AED /* Debug */,
				110EA9E418F4B80A00AB6AED /* Release */,
			);
			defaultConfigurationIsVisible = 0;
			defaultConfigurationName = Release;
		};
		110EA9E518F4B80A00AB6AED /* Build configuration list for PBXNativeTarget "RefreshTintFail" */ = {
			isa = XCConfigurationList;
			buildConfigurations = (
				110EA9E618F4B80A00AB6AED /* Debug */,
				110EA9E718F4B80A00AB6AED /* Release */,
			);
			defaultConfigurationIsVisible = 0;
		};
		110EA9E818F4B80A00AB6AED /* Build configuration list for PBXNativeTarget "RefreshTintFailTests" */ = {
			isa = XCConfigurationList;
			buildConfigurations = (
				110EA9E918F4B80A00AB6AED /* Debug */,
				110EA9EA18F4B80A00AB6AED /* Release */,
			);
			defaultConfigurationIsVisible = 0;
		};
/* End XCConfigurationList section */
	};
	rootObject = 110EA9A818F4B80900AB6AED /* Project object */;
}
